
Microsoft Visual Studio Solution File, Format Version 12.00
# Visual Studio Version 17
VisualStudioVersion = 17.8.34511.84
MinimumVisualStudioVersion = 10.0.40219.1
Project("{FAE04EC0-301F-11D3-BF4B-00C04F79EFBC}") = "MassEffectModBuilder", "MassEffectModBuilder\MassEffectModBuilder.csproj", "{8E5AACC5-DE9A-4C76-9EA3-2FD2330FFFF7}"
EndProject
Project("{9A19103F-16F7-4668-BE54-9A1E7A4F7556}") = "LegendaryExplorerCore", "LegendaryExplorer\LegendaryExplorer\LegendaryExplorerCore\LegendaryExplorerCore.csproj", "{A17FEBE3-CC43-4935-A94E-ADF18A063BF1}"
EndProject
Global
	GlobalSection(SolutionConfigurationPlatforms) = preSolution
		Debug|Any CPU = Debug|Any CPU
		Debug|x64 = Debug|x64
		Release|Any CPU = Release|Any CPU
		Release|x64 = Release|x64
		WinAzureRelease|Any CPU = WinAzureRelease|Any CPU
		WinAzureRelease|x64 = WinAzureRelease|x64
		WinAzureTest|Any CPU = WinAzureTest|Any CPU
		WinAzureTest|x64 = WinAzureTest|x64
		WinDebug|Any CPU = WinDebug|Any CPU
		WinDebug|x64 = WinDebug|x64
		WinRelease|Any CPU = WinRelease|Any CPU
		WinRelease|x64 = WinRelease|x64
	EndGlobalSection
	GlobalSection(ProjectConfigurationPlatforms) = postSolution
		{8E5AACC5-DE9A-4C76-9EA3-2FD2330FFFF7}.Debug|Any CPU.ActiveCfg = Debug|Any CPU
		{8E5AACC5-DE9A-4C76-9EA3-2FD2330FFFF7}.Debug|Any CPU.Build.0 = Debug|Any CPU
		{8E5AACC5-DE9A-4C76-9EA3-2FD2330FFFF7}.Debug|x64.ActiveCfg = Debug|Any CPU
		{8E5AACC5-DE9A-4C76-9EA3-2FD2330FFFF7}.Debug|x64.Build.0 = Debug|Any CPU
		{8E5AACC5-DE9A-4C76-9EA3-2FD2330FFFF7}.Release|Any CPU.ActiveCfg = Release|Any CPU
		{8E5AACC5-DE9A-4C76-9EA3-2FD2330FFFF7}.Release|Any CPU.Build.0 = Release|Any CPU
		{8E5AACC5-DE9A-4C76-9EA3-2FD2330FFFF7}.Release|x64.ActiveCfg = Release|Any CPU
		{8E5AACC5-DE9A-4C76-9EA3-2FD2330FFFF7}.Release|x64.Build.0 = Release|Any CPU
		{8E5AACC5-DE9A-4C76-9EA3-2FD2330FFFF7}.WinAzureRelease|Any CPU.ActiveCfg = Release|Any CPU
		{8E5AACC5-DE9A-4C76-9EA3-2FD2330FFFF7}.WinAzureRelease|Any CPU.Build.0 = Release|Any CPU
		{8E5AACC5-DE9A-4C76-9EA3-2FD2330FFFF7}.WinAzureRelease|x64.ActiveCfg = Release|Any CPU
		{8E5AACC5-DE9A-4C76-9EA3-2FD2330FFFF7}.WinAzureRelease|x64.Build.0 = Release|Any CPU
		{8E5AACC5-DE9A-4C76-9EA3-2FD2330FFFF7}.WinAzureTest|Any CPU.ActiveCfg = Debug|Any CPU
		{8E5AACC5-DE9A-4C76-9EA3-2FD2330FFFF7}.WinAzureTest|Any CPU.Build.0 = Debug|Any CPU
		{8E5AACC5-DE9A-4C76-9EA3-2FD2330FFFF7}.WinAzureTest|x64.ActiveCfg = Debug|Any CPU
		{8E5AACC5-DE9A-4C76-9EA3-2FD2330FFFF7}.WinAzureTest|x64.Build.0 = Debug|Any CPU
		{8E5AACC5-DE9A-4C76-9EA3-2FD2330FFFF7}.WinDebug|Any CPU.ActiveCfg = Debug|Any CPU
		{8E5AACC5-DE9A-4C76-9EA3-2FD2330FFFF7}.WinDebug|Any CPU.Build.0 = Debug|Any CPU
		{8E5AACC5-DE9A-4C76-9EA3-2FD2330FFFF7}.WinDebug|x64.ActiveCfg = Debug|Any CPU
		{8E5AACC5-DE9A-4C76-9EA3-2FD2330FFFF7}.WinDebug|x64.Build.0 = Debug|Any CPU
		{8E5AACC5-DE9A-4C76-9EA3-2FD2330FFFF7}.WinRelease|Any CPU.ActiveCfg = Release|Any CPU
		{8E5AACC5-DE9A-4C76-9EA3-2FD2330FFFF7}.WinRelease|Any CPU.Build.0 = Release|Any CPU
		{8E5AACC5-DE9A-4C76-9EA3-2FD2330FFFF7}.WinRelease|x64.ActiveCfg = Release|Any CPU
		{8E5AACC5-DE9A-4C76-9EA3-2FD2330FFFF7}.WinRelease|x64.Build.0 = Release|Any CPU
		{A17FEBE3-CC43-4935-A94E-ADF18A063BF1}.Debug|Any CPU.ActiveCfg = WinDebug|x64
		{A17FEBE3-CC43-4935-A94E-ADF18A063BF1}.Debug|Any CPU.Build.0 = WinDebug|x64
		{A17FEBE3-CC43-4935-A94E-ADF18A063BF1}.Debug|x64.ActiveCfg = WinDebug|x64
		{A17FEBE3-CC43-4935-A94E-ADF18A063BF1}.Debug|x64.Build.0 = WinDebug|x64
		{A17FEBE3-CC43-4935-A94E-ADF18A063BF1}.Release|Any CPU.ActiveCfg = WinRelease|x64
		{A17FEBE3-CC43-4935-A94E-ADF18A063BF1}.Release|Any CPU.Build.0 = WinRelease|x64
		{A17FEBE3-CC43-4935-A94E-ADF18A063BF1}.Release|x64.ActiveCfg = WinRelease|x64
		{A17FEBE3-CC43-4935-A94E-ADF18A063BF1}.Release|x64.Build.0 = WinRelease|x64
		{A17FEBE3-CC43-4935-A94E-ADF18A063BF1}.WinAzureRelease|Any CPU.ActiveCfg = WinAzureRelease|x64
		{A17FEBE3-CC43-4935-A94E-ADF18A063BF1}.WinAzureRelease|Any CPU.Build.0 = WinAzureRelease|x64
		{A17FEBE3-CC43-4935-A94E-ADF18A063BF1}.WinAzureRelease|x64.ActiveCfg = WinAzureRelease|x64
		{A17FEBE3-CC43-4935-A94E-ADF18A063BF1}.WinAzureRelease|x64.Build.0 = WinAzureRelease|x64
		{A17FEBE3-CC43-4935-A94E-ADF18A063BF1}.WinAzureTest|Any CPU.ActiveCfg = WinAzureTest|x64
		{A17FEBE3-CC43-4935-A94E-ADF18A063BF1}.WinAzureTest|Any CPU.Build.0 = WinAzureTest|x64
		{A17FEBE3-CC43-4935-A94E-ADF18A063BF1}.WinAzureTest|x64.ActiveCfg = WinAzureTest|x64
		{A17FEBE3-CC43-4935-A94E-ADF18A063BF1}.WinAzureTest|x64.Build.0 = WinAzureTest|x64
		{A17FEBE3-CC43-4935-A94E-ADF18A063BF1}.WinDebug|Any CPU.ActiveCfg = WinDebug|x64
		{A17FEBE3-CC43-4935-A94E-ADF18A063BF1}.WinDebug|Any CPU.Build.0 = WinDebug|x64
		{A17FEBE3-CC43-4935-A94E-ADF18A063BF1}.WinDebug|x64.ActiveCfg = WinDebug|x64
		{A17FEBE3-CC43-4935-A94E-ADF18A063BF1}.WinDebug|x64.Build.0 = WinDebug|x64
		{A17FEBE3-CC43-4935-A94E-ADF18A063BF1}.WinRelease|Any CPU.ActiveCfg = WinRelease|x64
		{A17FEBE3-CC43-4935-A94E-ADF18A063BF1}.WinRelease|Any CPU.Build.0 = WinRelease|x64
		{A17FEBE3-CC43-4935-A94E-ADF18A063BF1}.WinRelease|x64.ActiveCfg = WinRelease|x64
		{A17FEBE3-CC43-4935-A94E-ADF18A063BF1}.WinRelease|x64.Build.0 = WinRelease|x64
	EndGlobalSection
	GlobalSection(SolutionProperties) = preSolution
		HideSolutionNode = FALSE
	EndGlobalSection
	GlobalSection(ExtensibilityGlobals) = postSolution
		SolutionGuid = {1DA8BBA4-2321-45FE-94AD-43D34A5660F5}
	EndGlobalSection
EndGlobal
